# This file is autogenerated, do not edit; changes may be undone by the next 'dep ensure'.


[[projects]]
  branch = "master"
  digest = "1:696c8d2d1fcd5d13bf58203593fc640b70917a7b9871741878efe86db55ec830"
  name = "github.com/FactomProject/basen"
  packages = ["."]
  pruneopts = "UT"
  revision = "fe3947df716ebfda9847eb1b9a48f9592e06478c"

[[projects]]
  branch = "master"
  digest = "1:7e37fe0e25f70f38f090697a2850fbb53b6ac8051a29ff202d8a89a09292f55a"
  name = "github.com/FactomProject/btcutilecc"
  packages = ["."]
  pruneopts = "UT"
  revision = "d3a63a5752ecf3fbc06bd97365da752111c263df"

[[projects]]
  branch = "master"
  digest = "1:1797cc1ccf5f617ed837e5d5252b4a7013decd13d8bf82cbb111e2e44fe42179"
  name = "github.com/SSSaaS/Sssa-golang"
  packages = ["."]
  pruneopts = "UT"
  revision = "d37d7782d75282e29cd0a208511f339bfc7eccb0"

[[projects]]
  branch = "master"
  digest = "1:370e346224764417ccb889946f5e0f1b13a65e7ac4a31ebd85f18cff9586c576"
  name = "github.com/akamensky/base58"
  packages = ["."]
  pruneopts = "UT"
  revision = "92b0f56f531ac8c9d3087f33a4bcd5bca9cd5fb7"

[[projects]]
  digest = "1:b520b55fc1146c5b0eea03b07233f7a3d4a9be985c037c91ea6b82ecb81bd521"
  name = "github.com/bitly/go-simplejson"
  packages = ["."]
  pruneopts = "UT"
  revision = "aabad6e819789e569bd6aabf444c935aa9ba1e44"
  version = "v0.5.0"

[[projects]]
  digest = "1:ffe9824d294da03b391f44e1ae8281281b4afc1bdaa9588c9097785e3af10cec"
  name = "github.com/davecgh/go-spew"
  packages = ["spew"]
  pruneopts = "UT"
  revision = "8991bc29aa16c548c550c7ff78260e27b9ab7c73"
  version = "v1.1.1"

[[projects]]
  digest = "1:76dc72490af7174349349838f2fe118996381b31ea83243812a97e5a0fd5ed55"
  name = "github.com/dgrijalva/jwt-go"
  packages = ["."]
  pruneopts = "UT"
  revision = "06ea1031745cb8b3dab3f6a236daf2b0aa468b7e"
  version = "v3.2.0"

[[projects]]
  digest = "1:c79fb010be38a59d657c48c6ba1d003a8aa651fa56b579d959d74573b7dff8e1"
  name = "github.com/gorilla/context"
  packages = ["."]
  pruneopts = "UT"
  revision = "08b5f424b9271eedf6f9f0ce86cb9396ed337a42"
  version = "v1.1.1"

[[projects]]
  digest = "1:664d37ea261f0fc73dd17f4a1f5f46d01fbb0b0d75f6375af064824424109b7d"
  name = "github.com/gorilla/handlers"
  packages = ["."]
  pruneopts = "UT"
  revision = "7e0847f9db758cdebd26c149d0ae9d5d0b9c98ce"
  version = "v1.4.0"

[[projects]]
  digest = "1:e73f5b0152105f18bc131fba127d9949305c8693f8a762588a82a48f61756f5f"
  name = "github.com/gorilla/mux"
  packages = ["."]
  pruneopts = "UT"
  revision = "e3702bed27f0d39777b0b37b664b6280e8ef8fbf"
  version = "v1.6.2"

[[projects]]
  digest = "1:274f67cb6fed9588ea2521ecdac05a6d62a8c51c074c1fccc6a49a40ba80e925"
  name = "github.com/satori/go.uuid"
  packages = ["."]
  pruneopts = "UT"
  revision = "f58768cc1a7a7e77a3bd49e98cdd21419399b6a3"
  version = "v1.2.0"

[[projects]]
  branch = "master"
  digest = "1:bf1cb2d456a753d515d90e43c4b05afa4837e75d7808d1752607b91007ce25bb"
  name = "github.com/skip2/go-qrcode"
  packages = [
    ".",
    "bitset",
    "reedsolomon",
  ]
  pruneopts = "UT"
  revision = "cf5f9fa2f0d847edb8e038db7ed975e239095e1a"

[[projects]]
  branch = "master"
  digest = "1:ec528a786fa75556deed44de7118a74ced456360e782786a20aed292a03955a5"
  name = "github.com/tyler-smith/go-bip32"
  packages = ["."]
  pruneopts = "UT"
  revision = "2c9cfd17756470a0b7c3e4b7954bae7d11035504"

[[projects]]
  digest = "1:73e0d2644cf33beeafbfb79804143ac9738bed3c28a12fd5e61bd3b13ac95407"
  name = "github.com/tyler-smith/go-bip39"
  packages = [
    ".",
    "wordlists",
  ]
  pruneopts = "UT"
  revision = "2af0a847066a4f2669040ccd44a79c8eca10806a"
  version = "v1.0.0"

[[projects]]
  branch = "master"
  digest = "1:9fd6c6fceb0cf367d29fc581d2ccc548f1660a7929a4f86bd3e8e9dbc2f858be"
  name = "golang.org/x/crypto"
  packages = [
    "bcrypt",
    "blake2b",
    "blowfish",
    "pbkdf2",
    "ripemd160",
    "scrypt",
    "sha3",
  ]
  pruneopts = "UT"
  revision = "614d502a4dac94afa3a6ce146bd1736da82514c6"

[[projects]]
  branch = "master"
  digest = "1:8392490b249a3602a13813be12324d3b16eca044ae185ff32cdd9e267706e208"
  name = "golang.org/x/sys"
  packages = ["cpu"]
  pruneopts = "UT"
  revision = "4910a1d54f876d7b22162a85f4d066d3ee649450"

[[projects]]
  branch = "v2"
  digest = "1:988de7520a09024d5d94cd99bd545afbf194893994ec759b1cda0a0bbb6adb80"
  name = "gopkg.in/mgo.v2"
  packages = [
    ".",
    "bson",
    "internal/json",
    "internal/sasl",
    "internal/scram",
  ]
  pruneopts = "UT"
  revision = "9856a29383ce1c59f308dd1cf0363a79b5bef6b5"

[solve-meta]
  analyzer-name = "dep"
  analyzer-version = 1
  input-imports = [
    "github.com/SSSaaS/Sssa-golang",
    "github.com/akamensky/base58",
    "github.com/bitly/go-simplejson",
    "github.com/davecgh/go-spew/spew",
    "github.com/dgrijalva/jwt-go",
    "github.com/gorilla/handlers",
    "github.com/gorilla/mux",
    "github.com/satori/go.uuid",
    "github.com/skip2/go-qrcode",
    "github.com/tyler-smith/go-bip32",
    "github.com/tyler-smith/go-bip39",
    "golang.org/x/crypto/bcrypt",
    "golang.org/x/crypto/blake2b",
    "golang.org/x/crypto/pbkdf2",
    "golang.org/x/crypto/ripemd160",
    "golang.org/x/crypto/scrypt",
    "golang.org/x/crypto/sha3",
    "gopkg.in/mgo.v2",
    "gopkg.in/mgo.v2/bson",
  ]
  solver-name = "gps-cdcl"
  solver-version = 1
